
Microsoft Visual Studio Solution File, Format Version 12.00
# Visual Studio Version 17
VisualStudioVersion = 17.9.34728.123
MinimumVisualStudioVersion = 10.0.40219.1
Project("{FAE04EC0-301F-11D3-BF4B-00C04F79EFBC}") = "CropWIKImvc", "CropWIKImvc.csproj", "{A9F3AA2A-364E-4291-AD5E-8DD8593E4E95}"
EndProject
Project("{9A19103F-16F7-4668-BE54-9A1E7A4F7556}") = "CropWIKIWebAssembly", "..\CropWIKIWebAssembly\CropWIKIWebAssembly.csproj", "{6B77583A-E805-4FA4-98E3-729353038328}"
EndProject
Global
	GlobalSection(SolutionConfigurationPlatforms) = preSolution
		Debug|Any CPU = Debug|Any CPU
		Release|Any CPU = Release|Any CPU
	EndGlobalSection
	GlobalSection(ProjectConfigurationPlatforms) = postSolution
		{A9F3AA2A-364E-4291-AD5E-8DD8593E4E95}.Debug|Any CPU.ActiveCfg = Debug|Any CPU
		{A9F3AA2A-364E-4291-AD5E-8DD8593E4E95}.Debug|Any CPU.Build.0 = Debug|Any CPU
		{A9F3AA2A-364E-4291-AD5E-8DD8593E4E95}.Release|Any CPU.ActiveCfg = Release|Any CPU
		{A9F3AA2A-364E-4291-AD5E-8DD8593E4E95}.Release|Any CPU.Build.0 = Release|Any CPU
		{6B77583A-E805-4FA4-98E3-729353038328}.Debug|Any CPU.ActiveCfg = Debug|Any CPU
		{6B77583A-E805-4FA4-98E3-729353038328}.Debug|Any CPU.Build.0 = Debug|Any CPU
		{6B77583A-E805-4FA4-98E3-729353038328}.Release|Any CPU.ActiveCfg = Release|Any CPU
		{6B77583A-E805-4FA4-98E3-729353038328}.Release|Any CPU.Build.0 = Release|Any CPU
	EndGlobalSection
	GlobalSection(SolutionProperties) = preSolution
		HideSolutionNode = FALSE
	EndGlobalSection
	GlobalSection(ExtensibilityGlobals) = postSolution
		SolutionGuid = {C62C9179-C589-49B9-81AF-3EB2CE8DFEEC}
	EndGlobalSection
EndGlobal
